
Microsoft Visual Studio Solution File, Format Version 12.00
# Visual Studio Version 17
VisualStudioVersion = 17.7.34018.315
MinimumVisualStudioVersion = 10.0.40219.1
Project("{FAE04EC0-301F-11D3-BF4B-00C04F79EFBC}") = "GraphicsPrimitives", "GraphicsPrimitives\GraphicsPrimitives.csproj", "{9944F4C2-E4E2-434C-9F1A-52483FB32AEF}"
EndProject
Global
	GlobalSection(SolutionConfigurationPlatforms) = preSolution
		Debug|Any CPU = Debug|Any CPU
		Release|Any CPU = Release|Any CPU
	EndGlobalSection
	GlobalSection(ProjectConfigurationPlatforms) = postSolution
		{9944F4C2-E4E2-434C-9F1A-52483FB32AEF}.Debug|Any CPU.ActiveCfg = Debug|Any CPU
		{9944F4C2-E4E2-434C-9F1A-52483FB32AEF}.Debug|Any CPU.Build.0 = Debug|Any CPU
		{9944F4C2-E4E2-434C-9F1A-52483FB32AEF}.Release|Any CPU.ActiveCfg = Release|Any CPU
		{9944F4C2-E4E2-434C-9F1A-52483FB32AEF}.Release|Any CPU.Build.0 = Release|Any CPU
	EndGlobalSection
	GlobalSection(SolutionProperties) = preSolution
		HideSolutionNode = FALSE
	EndGlobalSection
	GlobalSection(ExtensibilityGlobals) = postSolution
		SolutionGuid = {FE072B62-76B4-4C32-A494-DF0060F4B0E6}
	EndGlobalSection
EndGlobal
